// !$*UTF8*$!
{
	archiveVersion = 1;
	classes = {
	};
	objectVersion = 56;
	objects = {

/* Begin PBXBuildFile section */
		DD4C908D29EFB3E0003F6F7E /* AppDelegate.swift in Sources */ = {isa = PBXBuildFile; fileRef = DD4C908C29EFB3E0003F6F7E /* AppDelegate.swift */; };
		DD4C908F29EFB3E0003F6F7E /* SceneDelegate.swift in Sources */ = {isa = PBXBuildFile; fileRef = DD4C908E29EFB3E0003F6F7E /* SceneDelegate.swift */; };
		DD4C909129EFB3E0003F6F7E /* ViewController.swift in Sources */ = {isa = PBXBuildFile; fileRef = DD4C909029EFB3E0003F6F7E /* ViewController.swift */; };
		DD4C909429EFB3E0003F6F7E /* Main.storyboard in Resources */ = {isa = PBXBuildFile; fileRef = DD4C909229EFB3E0003F6F7E /* Main.storyboard */; };
		DD4C909629EFB3E1003F6F7E /* Assets.xcassets in Resources */ = {isa = PBXBuildFile; fileRef = DD4C909529EFB3E1003F6F7E /* Assets.xcassets */; };
		DD4C909929EFB3E1003F6F7E /* LaunchScreen.storyboard in Resources */ = {isa = PBXBuildFile; fileRef = DD4C909729EFB3E1003F6F7E /* LaunchScreen.storyboard */; };
		DD4C90A129EFB3F5003F6F7E /* UserDefaultManager.swift in Sources */ = {isa = PBXBuildFile; fileRef = DD4C90A029EFB3F5003F6F7E /* UserDefaultManager.swift */; };
		DD4C90A429EFBCB2003F6F7E /* Moya in Frameworks */ = {isa = PBXBuildFile; productRef = DD4C90A329EFBCB2003F6F7E /* Moya */; };
		DD4C90A629EFBCDE003F6F7E /* APILogger.swift in Sources */ = {isa = PBXBuildFile; fileRef = DD4C90A529EFBCDE003F6F7E /* APILogger.swift */; };
/* End PBXBuildFile section */

/* Begin PBXFileReference section */
		DD4C908929EFB3E0003F6F7E /* CommonTemplate.app */ = {isa = PBXFileReference; explicitFileType = wrapper.application; includeInIndex = 0; path = CommonTemplate.app; sourceTree = BUILT_PRODUCTS_DIR; };
		DD4C908C29EFB3E0003F6F7E /* AppDelegate.swift */ = {isa = PBXFileReference; lastKnownFileType = sourcecode.swift; path = AppDelegate.swift; sourceTree = "<group>"; };
		DD4C908E29EFB3E0003F6F7E /* SceneDelegate.swift */ = {isa = PBXFileReference; lastKnownFileType = sourcecode.swift; path = SceneDelegate.swift; sourceTree = "<group>"; };
		DD4C909029EFB3E0003F6F7E /* ViewController.swift */ = {isa = PBXFileReference; lastKnownFileType = sourcecode.swift; path = ViewController.swift; sourceTree = "<group>"; };
		DD4C909329EFB3E0003F6F7E /* Base */ = {isa = PBXFileReference; lastKnownFileType = file.storyboard; name = Base; path = Base.lproj/Main.storyboard; sourceTree = "<group>"; };
		DD4C909529EFB3E1003F6F7E /* Assets.xcassets */ = {isa = PBXFileReference; lastKnownFileType = folder.assetcatalog; path = Assets.xcassets; sourceTree = "<group>"; };
		DD4C909829EFB3E1003F6F7E /* Base */ = {isa = PBXFileReference; lastKnownFileType = file.storyboard; name = Base; path = Base.lproj/LaunchScreen.storyboard; sourceTree = "<group>"; };
		DD4C909A29EFB3E1003F6F7E /* Info.plist */ = {isa = PBXFileReference; lastKnownFileType = text.plist.xml; path = Info.plist; sourceTree = "<group>"; };
		DD4C90A029EFB3F5003F6F7E /* UserDefaultManager.swift */ = {isa = PBXFileReference; lastKnownFileType = sourcecode.swift; path = UserDefaultManager.swift; sourceTree = "<group>"; };
		DD4C90A529EFBCDE003F6F7E /* APILogger.swift */ = {isa = PBXFileReference; lastKnownFileType = sourcecode.swift; path = APILogger.swift; sourceTree = "<group>"; };
/* End PBXFileReference section */

/* Begin PBXFrameworksBuildPhase section */
		DD4C908629EFB3E0003F6F7E /* Frameworks */ = {
			isa = PBXFrameworksBuildPhase;
			buildActionMask = 2147483647;
			files = (
				DD4C90A429EFBCB2003F6F7E /* Moya in Frameworks */,
			);
			runOnlyForDeploymentPostprocessing = 0;
		};
/* End PBXFrameworksBuildPhase section */

/* Begin PBXGroup section */
		DD4C908029EFB3E0003F6F7E = {
			isa = PBXGroup;
			children = (
				DD4C908B29EFB3E0003F6F7E /* CommonTemplate */,
				DD4C908A29EFB3E0003F6F7E /* Products */,
			);
			sourceTree = "<group>";
		};
		DD4C908A29EFB3E0003F6F7E /* Products */ = {
			isa = PBXGroup;
			children = (
				DD4C908929EFB3E0003F6F7E /* CommonTemplate.app */,
			);
			name = Products;
			sourceTree = "<group>";
		};
		DD4C908B29EFB3E0003F6F7E /* CommonTemplate */ = {
			isa = PBXGroup;
			children = (
				DD4C908C29EFB3E0003F6F7E /* AppDelegate.swift */,
				DD4C908E29EFB3E0003F6F7E /* SceneDelegate.swift */,
				DD4C909029EFB3E0003F6F7E /* ViewController.swift */,
				DD4C90A029EFB3F5003F6F7E /* UserDefaultManager.swift */,
				DD4C90A529EFBCDE003F6F7E /* APILogger.swift */,
				DD4C909229EFB3E0003F6F7E /* Main.storyboard */,
				DD4C909529EFB3E1003F6F7E /* Assets.xcassets */,
				DD4C909729EFB3E1003F6F7E /* LaunchScreen.storyboard */,
				DD4C909A29EFB3E1003F6F7E /* Info.plist */,
			);
			path = CommonTemplate;
			sourceTree = "<group>";
		};
/* End PBXGroup section */

/* Begin PBXNativeTarget section */
		DD4C908829EFB3E0003F6F7E /* CommonTemplate */ = {
			isa = PBXNativeTarget;
			buildConfigurationList = DD4C909D29EFB3E1003F6F7E /* Build configuration list for PBXNativeTarget "CommonTemplate" */;
			buildPhases = (
				DD4C908529EFB3E0003F6F7E /* Sources */,
				DD4C908629EFB3E0003F6F7E /* Frameworks */,
				DD4C908729EFB3E0003F6F7E /* Resources */,
			);
			buildRules = (
			);
			dependencies = (
			);
			name = CommonTemplate;
			packageProductDependencies = (
				DD4C90A329EFBCB2003F6F7E /* Moya */,
			);
			productName = CommonTemplate;
			productReference = DD4C908929EFB3E0003F6F7E /* CommonTemplate.app */;
			productType = "com.apple.product-type.application";
		};
/* End PBXNativeTarget section */

/* Begin PBXProject section */
		DD4C908129EFB3E0003F6F7E /* Project object */ = {
			isa = PBXProject;
			attributes = {
				BuildIndependentTargetsInParallel = 1;
				LastSwiftUpdateCheck = 1400;
				LastUpgradeCheck = 1400;
				TargetAttributes = {
					DD4C908829EFB3E0003F6F7E = {
						CreatedOnToolsVersion = 14.0.1;
					};
				};
			};
			buildConfigurationList = DD4C908429EFB3E0003F6F7E /* Build configuration list for PBXProject "CommonTemplate" */;
			compatibilityVersion = "Xcode 14.0";
			developmentRegion = en;
			hasScannedForEncodings = 0;
			knownRegions = (
				en,
				Base,
			);
			mainGroup = DD4C908029EFB3E0003F6F7E;
			packageReferences = (
				DD4C90A229EFBCB2003F6F7E /* XCRemoteSwiftPackageReference "Moya" */,
			);
			productRefGroup = DD4C908A29EFB3E0003F6F7E /* Products */;
			projectDirPath = "";
			projectRoot = "";
			targets = (
				DD4C908829EFB3E0003F6F7E /* CommonTemplate */,
			);
		};
/* End PBXProject section */

/* Begin PBXResourcesBuildPhase section */
		DD4C908729EFB3E0003F6F7E /* Resources */ = {
			isa = PBXResourcesBuildPhase;
			buildActionMask = 2147483647;
			files = (
				DD4C909929EFB3E1003F6F7E /* LaunchScreen.storyboard in Resources */,
				DD4C909629EFB3E1003F6F7E /* Assets.xcassets in Resources */,
				DD4C909429EFB3E0003F6F7E /* Main.storyboard in Resources */,
			);
			runOnlyForDeploymentPostprocessing = 0;
		};
/* End PBXResourcesBuildPhase section */

/* Begin PBXSourcesBuildPhase section */
		DD4C908529EFB3E0003F6F7E /* Sources */ = {
			isa = PBXSourcesBuildPhase;
			buildActionMask = 2147483647;
			files = (
				DD4C90A629EFBCDE003F6F7E /* APILogger.swift in Sources */,
				DD4C909129EFB3E0003F6F7E /* ViewController.swift in Sources */,
				DD4C908D29EFB3E0003F6F7E /* AppDelegate.swift in Sources */,
				DD4C90A129EFB3F5003F6F7E /* UserDefaultManager.swift in Sources */,
				DD4C908F29EFB3E0003F6F7E /* SceneDelegate.swift in Sources */,
			);
			runOnlyForDeploymentPostprocessing = 0;
		};
/* End PBXSourcesBuildPhase section */

/* Begin PBXVariantGroup section */
		DD4C909229EFB3E0003F6F7E /* Main.storyboard */ = {
			isa = PBXVariantGroup;
			children = (
				DD4C909329EFB3E0003F6F7E /* Base */,
			);
			name = Main.storyboard;
			sourceTree = "<group>";
		};
		DD4C909729EFB3E1003F6F7E /* LaunchScreen.storyboard */ = {
			isa = PBXVariantGroup;
			children = (
				DD4C909829EFB3E1003F6F7E /* Base */,
			);
			name = LaunchScreen.storyboard;
			sourceTree = "<group>";
		};
/* End PBXVariantGroup section */

/* Begin XCBuildConfiguration section */
		DD4C909B29EFB3E1003F6F7E /* Debug */ = {
			isa = XCBuildConfiguration;
			buildSettings = {
				ALWAYS_SEARCH_USER_PATHS = NO;
				CLANG_ANALYZER_NONNULL = YES;
				CLANG_ANALYZER_NUMBER_OBJECT_CONVERSION = YES_AGGRESSIVE;
				CLANG_CXX_LANGUAGE_STANDARD = "gnu++20";
				CLANG_ENABLE_MODULES = YES;
				CLANG_ENABLE_OBJC_ARC = YES;
				CLANG_ENABLE_OBJC_WEAK = YES;
				CLANG_WARN_BLOCK_CAPTURE_AUTORELEASING = YES;
				CLANG_WARN_BOOL_CONVERSION = YES;
				CLANG_WARN_COMMA = YES;
				CLANG_WARN_CONSTANT_CONVERSION = YES;
				CLANG_WARN_DEPRECATED_OBJC_IMPLEMENTATIONS = YES;
				CLANG_WARN_DIRECT_OBJC_ISA_USAGE = YES_ERROR;
				CLANG_WARN_DOCUMENTATION_COMMENTS = YES;
				CLANG_WARN_EMPTY_BODY = YES;
				CLANG_WARN_ENUM_CONVERSION = YES;
				CLANG_WARN_INFINITE_RECURSION = YES;
				CLANG_WARN_INT_CONVERSION = YES;
				CLANG_WARN_NON_LITERAL_NULL_CONVERSION = YES;
				CLANG_WARN_OBJC_IMPLICIT_RETAIN_SELF = YES;
				CLANG_WARN_OBJC_LITERAL_CONVERSION = YES;
				CLANG_WARN_OBJC_ROOT_CLASS = YES_ERROR;
				CLANG_WARN_QUOTED_INCLUDE_IN_FRAMEWORK_HEADER = YES;
				CLANG_WARN_RANGE_LOOP_ANALYSIS = YES;
				CLANG_WARN_STRICT_PROTOTYPES = YES;
				CLANG_WARN_SUSPICIOUS_MOVE = YES;
				CLANG_WARN_UNGUARDED_AVAILABILITY = YES_AGGRESSIVE;
				CLANG_WARN_UNREACHABLE_CODE = YES;
				CLANG_WARN__DUPLICATE_METHOD_MATCH = YES;
				COPY_PHASE_STRIP = NO;
				DEBUG_INFORMATION_FORMAT = dwarf;
				ENABLE_STRICT_OBJC_MSGSEND = YES;
				ENABLE_TESTABILITY = YES;
				GCC_C_LANGUAGE_STANDARD = gnu11;
				GCC_DYNAMIC_NO_PIC = NO;
				GCC_NO_COMMON_BLOCKS = YES;
				GCC_OPTIMIZATION_LEVEL = 0;
				GCC_PREPROCESSOR_DEFINITIONS = (
					"DEBUG=1",
					"$(inherited)",
				);
				GCC_WARN_64_TO_32_BIT_CONVERSION = YES;
				GCC_WARN_ABOUT_RETURN_TYPE = YES_ERROR;
				GCC_WARN_UNDECLARED_SELECTOR = YES;
				GCC_WARN_UNINITIALIZED_AUTOS = YES_AGGRESSIVE;
				GCC_WARN_UNUSED_FUNCTION = YES;
				GCC_WARN_UNUSED_VARIABLE = YES;
				IPHONEOS_DEPLOYMENT_TARGET = 16.0;
				MTL_ENABLE_DEBUG_INFO = INCLUDE_SOURCE;
				MTL_FAST_MATH = YES;
				ONLY_ACTIVE_ARCH = YES;
				SDKROOT = iphoneos;
				SWIFT_ACTIVE_COMPILATION_CONDITIONS = DEBUG;
				SWIFT_OPTIMIZATION_LEVEL = "-Onone";
			};
			name = Debug;
		};
		DD4C909C29EFB3E1003F6F7E /* Release */ = {
			isa = XCBuildConfiguration;
			buildSettings = {
				ALWAYS_SEARCH_USER_PATHS = NO;
				CLANG_ANALYZER_NONNULL = YES;
				CLANG_ANALYZER_NUMBER_OBJECT_CONVERSION = YES_AGGRESSIVE;
				CLANG_CXX_LANGUAGE_STANDARD = "gnu++20";
				CLANG_ENABLE_MODULES = YES;
				CLANG_ENABLE_OBJC_ARC = YES;
				CLANG_ENABLE_OBJC_WEAK = YES;
				CLANG_WARN_BLOCK_CAPTURE_AUTORELEASING = YES;
				CLANG_WARN_BOOL_CONVERSION = YES;
				CLANG_WARN_COMMA = YES;
				CLANG_WARN_CONSTANT_CONVERSION = YES;
				CLANG_WARN_DEPRECATED_OBJC_IMPLEMENTATIONS = YES;
				CLANG_WARN_DIRECT_OBJC_ISA_USAGE = YES_ERROR;
				CLANG_WARN_DOCUMENTATION_COMMENTS = YES;
				CLANG_WARN_EMPTY_BODY = YES;
				CLANG_WARN_ENUM_CONVERSION = YES;
				CLANG_WARN_INFINITE_RECURSION = YES;
				CLANG_WARN_INT_CONVERSION = YES;
				CLANG_WARN_NON_LITERAL_NULL_CONVERSION = YES;
				CLANG_WARN_OBJC_IMPLICIT_RETAIN_SELF = YES;
				CLANG_WARN_OBJC_LITERAL_CONVERSION = YES;
				CLANG_WARN_OBJC_ROOT_CLASS = YES_ERROR;
				CLANG_WARN_QUOTED_INCLUDE_IN_FRAMEWORK_HEADER = YES;
				CLANG_WARN_RANGE_LOOP_ANALYSIS = YES;
				CLANG_WARN_STRICT_PROTOTYPES = YES;
				CLANG_WARN_SUSPICIOUS_MOVE = YES;
				CLANG_WARN_UNGUARDED_AVAILABILITY = YES_AGGRESSIVE;
				CLANG_WARN_UNREACHABLE_CODE = YES;
				CLANG_WARN__DUPLICATE_METHOD_MATCH = YES;
				COPY_PHASE_STRIP = NO;
				DEBUG_INFORMATION_FORMAT = "dwarf-with-dsym";
				ENABLE_NS_ASSERTIONS = NO;
				ENABLE_STRICT_OBJC_MSGSEND = YES;
				GCC_C_LANGUAGE_STANDARD = gnu11;
				GCC_NO_COMMON_BLOCKS = YES;
				GCC_WARN_64_TO_32_BIT_CONVERSION = YES;
				GCC_WARN_ABOUT_RETURN_TYPE = YES_ERROR;
				GCC_WARN_UNDECLARED_SELECTOR = YES;
				GCC_WARN_UNINITIALIZED_AUTOS = YES_AGGRESSIVE;
				GCC_WARN_UNUSED_FUNCTION = YES;
				GCC_WARN_UNUSED_VARIABLE = YES;
				IPHONEOS_DEPLOYMENT_TARGET = 16.0;
				MTL_ENABLE_DEBUG_INFO = NO;
				MTL_FAST_MATH = YES;
				SDKROOT = iphoneos;
				SWIFT_COMPILATION_MODE = wholemodule;
				SWIFT_OPTIMIZATION_LEVEL = "-O";
				VALIDATE_PRODUCT = YES;
			};
			name = Release;
		};
		DD4C909E29EFB3E1003F6F7E /* Debug */ = {
			isa = XCBuildConfiguration;
			buildSettings = {
				ASSETCATALOG_COMPILER_APPICON_NAME = AppIcon;
				ASSETCATALOG_COMPILER_GLOBAL_ACCENT_COLOR_NAME = AccentColor;
				CODE_SIGN_STYLE = Automatic;
				CURRENT_PROJECT_VERSION = 1;
				DEVELOPMENT_TEAM = 6P7X76PR5Q;
				GENERATE_INFOPLIST_FILE = YES;
				INFOPLIST_FILE = CommonTemplate/Info.plist;
				INFOPLIST_KEY_UIApplicationSupportsIndirectInputEvents = YES;
				INFOPLIST_KEY_UILaunchStoryboardName = LaunchScreen;
				INFOPLIST_KEY_UIMainStoryboardFile = Main;
				INFOPLIST_KEY_UISupportedInterfaceOrientations_iPad = "UIInterfaceOrientationPortrait UIInterfaceOrientationPortraitUpsideDown UIInterfaceOrientationLandscapeLeft UIInterfaceOrientationLandscapeRight";
				INFOPLIST_KEY_UISupportedInterfaceOrientations_iPhone = "UIInterfaceOrientationPortrait UIInterfaceOrientationLandscapeLeft UIInterfaceOrientationLandscapeRight";
				LD_RUNPATH_SEARCH_PATHS = (
					"$(inherited)",
					"@executable_path/Frameworks",
				);
				MARKETING_VERSION = 1.0;
				PRODUCT_BUNDLE_IDENTIFIER = LeePaper.CommonTemplate;
				PRODUCT_NAME = "$(TARGET_NAME)";
				SWIFT_EMIT_LOC_STRINGS = YES;
				SWIFT_VERSION = 5.0;
				TARGETED_DEVICE_FAMILY = "1,2";
			};
			name = Debug;
		};
		DD4C909F29EFB3E1003F6F7E /* Release */ = {
			isa = XCBuildConfiguration;
			buildSettings = {
				ASSETCATALOG_COMPILER_APPICON_NAME = AppIcon;
				ASSETCATALOG_COMPILER_GLOBAL_ACCENT_COLOR_NAME = AccentColor;
				CODE_SIGN_STYLE = Automatic;
				CURRENT_PROJECT_VERSION = 1;
				DEVELOPMENT_TEAM = 6P7X76PR5Q;
				GENERATE_INFOPLIST_FILE = YES;
				INFOPLIST_FILE = CommonTemplate/Info.plist;
				INFOPLIST_KEY_UIApplicationSupportsIndirectInputEvents = YES;
				INFOPLIST_KEY_UILaunchStoryboardName = LaunchScreen;
				INFOPLIST_KEY_UIMainStoryboardFile = Main;
				INFOPLIST_KEY_UISupportedInterfaceOrientations_iPad = "UIInterfaceOrientationPortrait UIInterfaceOrientationPortraitUpsideDown UIInterfaceOrientationLandscapeLeft UIInterfaceOrientationLandscapeRight";
				INFOPLIST_KEY_UISupportedInterfaceOrientations_iPhone = "UIInterfaceOrientationPortrait UIInterfaceOrientationLandscapeLeft UIInterfaceOrientationLandscapeRight";
				LD_RUNPATH_SEARCH_PATHS = (
					"$(inherited)",
					"@executable_path/Frameworks",
				);
				MARKETING_VERSION = 1.0;
				PRODUCT_BUNDLE_IDENTIFIER = LeePaper.CommonTemplate;
				PRODUCT_NAME = "$(TARGET_NAME)";
				SWIFT_EMIT_LOC_STRINGS = YES;
				SWIFT_VERSION = 5.0;
				TARGETED_DEVICE_FAMILY = "1,2";
			};
			name = Release;
		};
/* End XCBuildConfiguration section */

/* Begin XCConfigurationList section */
		DD4C908429EFB3E0003F6F7E /* Build configuration list for PBXProject "CommonTemplate" */ = {
			isa = XCConfigurationList;
			buildConfigurations = (
				DD4C909B29EFB3E1003F6F7E /* Debug */,
				DD4C909C29EFB3E1003F6F7E /* Release */,
			);
			defaultConfigurationIsVisible = 0;
			defaultConfigurationName = Release;
		};
		DD4C909D29EFB3E1003F6F7E /* Build configuration list for PBXNativeTarget "CommonTemplate" */ = {
			isa = XCConfigurationList;
			buildConfigurations = (
				DD4C909E29EFB3E1003F6F7E /* Debug */,
				DD4C909F29EFB3E1003F6F7E /* Release */,
			);
			defaultConfigurationIsVisible = 0;
			defaultConfigurationName = Release;
		};
/* End XCConfigurationList section */

/* Begin XCRemoteSwiftPackageReference section */
		DD4C90A229EFBCB2003F6F7E /* XCRemoteSwiftPackageReference "Moya" */ = {
			isa = XCRemoteSwiftPackageReference;
			repositoryURL = "https://github.com/Moya/Moya.git";
			requirement = {
				kind = upToNextMajorVersion;
				minimumVersion = 14.0.0;
			};
		};
/* End XCRemoteSwiftPackageReference section */

/* Begin XCSwiftPackageProductDependency section */
		DD4C90A329EFBCB2003F6F7E /* Moya */ = {
			isa = XCSwiftPackageProductDependency;
			package = DD4C90A229EFBCB2003F6F7E /* XCRemoteSwiftPackageReference "Moya" */;
			productName = Moya;
		};
/* End XCSwiftPackageProductDependency section */
	};
	rootObject = DD4C908129EFB3E0003F6F7E /* Project object */;
}
